# This file is automatically @generated by Cargo.
# It is not intended for manual editing.
[[package]]
name = "adler32"
version = "1.0.4"
source = "registry+https://github.com/rust-lang/crates.io-index"
checksum = "5d2e7343e7fc9de883d1b0341e0b13970f764c14101234857d2ddafa1cb1cac2"

[[package]]
name = "autocfg"
version = "1.0.0"
source = "registry+https://github.com/rust-lang/crates.io-index"
checksum = "f8aac770f1885fd7e387acedd76065302551364496e46b3dd00860b2f8359b9d"

[[package]]
name = "bitflags"
version = "1.2.1"
source = "registry+https://github.com/rust-lang/crates.io-index"
checksum = "cf1de2fe8c75bc145a2f577add951f8134889b4795d47466a54a5c846d691693"

[[package]]
name = "bumpalo"
version = "3.3.0"
source = "registry+https://github.com/rust-lang/crates.io-index"
checksum = "5356f1d23ee24a1f785a56d1d1a5f0fd5b0f6a0c0fb2412ce11da71649ab78f6"

[[package]]
name = "bytemuck"
version = "1.2.0"
source = "registry+https://github.com/rust-lang/crates.io-index"
checksum = "37fa13df2292ecb479ec23aa06f4507928bef07839be9ef15281411076629431"

[[package]]
name = "byteorder"
version = "1.3.4"
source = "registry+https://github.com/rust-lang/crates.io-index"
checksum = "08c48aae112d48ed9f069b33538ea9e3e90aa263cfa3d1c24309612b1f7472de"

[[package]]
name = "bytes"
version = "0.5.4"
source = "registry+https://github.com/rust-lang/crates.io-index"
checksum = "130aac562c0dd69c56b3b1cc8ffd2e17be31d0b6c25b61c96b76231aa23e39e1"

[[package]]
name = "cfg-if"
version = "0.1.10"
source = "registry+https://github.com/rust-lang/crates.io-index"
checksum = "4785bdd1c96b2a846b2bd7cc02e86b6b3dbf14e7e53446c4f54c92a361040822"

[[package]]
name = "color_quant"
version = "1.0.1"
source = "registry+https://github.com/rust-lang/crates.io-index"
checksum = "0dbbb57365263e881e805dc77d94697c9118fd94d8da011240555aa7b23445bd"

[[package]]
name = "console_error_panic_hook"
version = "0.1.6"
source = "registry+https://github.com/rust-lang/crates.io-index"
checksum = "b8d976903543e0c48546a91908f21588a680a8c8f984df9a5d69feccb2b2a211"
dependencies = [
 "cfg-if",
 "wasm-bindgen",
]

[[package]]
name = "crc32fast"
version = "1.2.0"
source = "registry+https://github.com/rust-lang/crates.io-index"
checksum = "ba125de2af0df55319f41944744ad91c71113bf74a4646efff39afe1f6842db1"
dependencies = [
 "cfg-if",
]

[[package]]
name = "deflate"
version = "0.8.4"
source = "registry+https://github.com/rust-lang/crates.io-index"
checksum = "e7e5d2a2273fed52a7f947ee55b092c4057025d7a3e04e5ecdbd25d6c3fb1bd7"
dependencies = [
 "adler32",
 "byteorder",
]

[[package]]
name = "gif"
version = "0.10.3"
source = "registry+https://github.com/rust-lang/crates.io-index"
checksum = "471d90201b3b223f3451cd4ad53e34295f16a1df17b1edf3736d47761c3981af"
dependencies = [
 "color_quant",
 "lzw",
]

[[package]]
name = "image"
version = "0.23.4"
source = "registry+https://github.com/rust-lang/crates.io-index"
checksum = "9117f4167a8f21fa2bb3f17a652a760acd7572645281c98e3b612a26242c96ee"
dependencies = [
 "bytemuck",
 "byteorder",
 "gif",
 "jpeg-decoder",
 "num-iter",
 "num-rational",
 "num-traits",
 "png",
 "tiff",
]

[[package]]
name = "inflate"
version = "0.4.5"
source = "registry+https://github.com/rust-lang/crates.io-index"
checksum = "1cdb29978cc5797bd8dcc8e5bf7de604891df2a8dc576973d71a281e916db2ff"
dependencies = [
 "adler32",
]

[[package]]
name = "itoa"
version = "0.4.5"
source = "registry+https://github.com/rust-lang/crates.io-index"
checksum = "b8b7a7c0c47db5545ed3fef7468ee7bb5b74691498139e4b3f6a20685dc6dd8e"

[[package]]
name = "jpeg-decoder"
version = "0.1.19"
source = "registry+https://github.com/rust-lang/crates.io-index"
checksum = "5b47b4c4e017b01abdc5bcc126d2d1002e5a75bbe3ce73f9f4f311a916363704"
dependencies = [
 "byteorder",
]

[[package]]
name = "js-sys"
version = "0.3.39"
source = "registry+https://github.com/rust-lang/crates.io-index"
checksum = "fa5a448de267e7358beaf4a5d849518fe9a0c13fce7afd44b06e68550e5562a7"
dependencies = [
 "wasm-bindgen",
]

[[package]]
name = "kamadak-exif"
version = "0.5.1"
source = "registry+https://github.com/rust-lang/crates.io-index"
checksum = "6a5e66d5b5469321038611f7f0e845a48989e4fd54987b6e5bb4c8ae3adbace7"
dependencies = [
 "mutate_once",
]

[[package]]
name = "lazy_static"
version = "1.4.0"
source = "registry+https://github.com/rust-lang/crates.io-index"
checksum = "e2abad23fbc42b3700f2f279844dc832adb2b2eb069b2df918f455c4e18cc646"

[[package]]
name = "log"
version = "0.4.8"
source = "registry+https://github.com/rust-lang/crates.io-index"
checksum = "14b6052be84e6b71ab17edffc2eeabf5c2c3ae1fdb464aae35ac50c67a44e1f7"
dependencies = [
 "cfg-if",
]

[[package]]
name = "lzw"
version = "0.10.0"
source = "registry+https://github.com/rust-lang/crates.io-index"
checksum = "7d947cbb889ed21c2a84be6ffbaebf5b4e0f4340638cba0444907e38b56be084"

[[package]]
name = "miniz_oxide"
version = "0.3.6"
source = "registry+https://github.com/rust-lang/crates.io-index"
checksum = "aa679ff6578b1cddee93d7e82e263b94a575e0bfced07284eb0c037c1d2416a5"
dependencies = [
 "adler32",
]

[[package]]
name = "mutate_once"
version = "0.1.1"
source = "registry+https://github.com/rust-lang/crates.io-index"
checksum = "16cf681a23b4d0a43fc35024c176437f9dcd818db34e0f42ab456a0ee5ad497b"

[[package]]
name = "nail-salon"
version = "0.1.6"
dependencies = [
 "bytes",
 "console_error_panic_hook",
 "image",
 "jpeg-decoder",
 "js-sys",
 "kamadak-exif",
 "serde",
 "serde_derive",
 "wasm-bindgen",
]

[[package]]
name = "num-integer"
version = "0.1.42"
source = "registry+https://github.com/rust-lang/crates.io-index"
checksum = "3f6ea62e9d81a77cd3ee9a2a5b9b609447857f3d358704331e4ef39eb247fcba"
dependencies = [
 "autocfg",
 "num-traits",
]

[[package]]
name = "num-iter"
version = "0.1.40"
source = "registry+https://github.com/rust-lang/crates.io-index"
checksum = "dfb0800a0291891dd9f4fe7bd9c19384f98f7fbe0cd0f39a2c6b88b9868bbc00"
dependencies = [
 "autocfg",
 "num-integer",
 "num-traits",
]

[[package]]
name = "num-rational"
version = "0.2.4"
source = "registry+https://github.com/rust-lang/crates.io-index"
checksum = "5c000134b5dbf44adc5cb772486d335293351644b801551abe8f75c84cfa4aef"
dependencies = [
 "autocfg",
 "num-integer",
 "num-traits",
]

[[package]]
name = "num-traits"
version = "0.2.11"
source = "registry+https://github.com/rust-lang/crates.io-index"
checksum = "c62be47e61d1842b9170f0fdeec8eba98e60e90e5446449a0545e5152acd7096"
dependencies = [
 "autocfg",
]

[[package]]
name = "png"
version = "0.16.3"
source = "registry+https://github.com/rust-lang/crates.io-index"
checksum = "2c68a431ed29933a4eb5709aca9800989758c97759345860fa5db3cfced0b65d"
dependencies = [
 "bitflags",
 "crc32fast",
 "deflate",
 "inflate",
]

[[package]]
name = "proc-macro2"
version = "1.0.17"
source = "registry+https://github.com/rust-lang/crates.io-index"
checksum = "1502d12e458c49a4c9cbff560d0fe0060c252bc29799ed94ca2ed4bb665a0101"
dependencies = [
 "unicode-xid",
]

[[package]]
name = "quote"
version = "1.0.6"
source = "registry+https://github.com/rust-lang/crates.io-index"
checksum = "54a21852a652ad6f610c9510194f398ff6f8692e334fd1145fed931f7fbe44ea"
dependencies = [
 "proc-macro2",
]

[[package]]
name = "ryu"
version = "1.0.4"
source = "registry+https://github.com/rust-lang/crates.io-index"
checksum = "ed3d612bc64430efeb3f7ee6ef26d590dce0c43249217bddc62112540c7941e1"

[[package]]
name = "serde"
version = "1.0.110"
source = "registry+https://github.com/rust-lang/crates.io-index"
checksum = "99e7b308464d16b56eba9964e4972a3eee817760ab60d88c3f86e1fecb08204c"

[[package]]
name = "serde_derive"
version = "1.0.110"
source = "registry+https://github.com/rust-lang/crates.io-index"
checksum = "818fbf6bfa9a42d3bfcaca148547aa00c7b915bec71d1757aa2d44ca68771984"
dependencies = [
 "proc-macro2",
 "quote",
 "syn",
]

[[package]]
name = "serde_json"
version = "1.0.53"
source = "registry+https://github.com/rust-lang/crates.io-index"
checksum = "993948e75b189211a9b31a7528f950c6adc21f9720b6438ff80a7fa2f864cea2"
dependencies = [
 "itoa",
 "ryu",
 "serde",
]

[[package]]
name = "syn"
version = "1.0.27"
source = "registry+https://github.com/rust-lang/crates.io-index"
checksum = "ef781e621ee763a2a40721a8861ec519cb76966aee03bb5d00adb6a31dc1c1de"
dependencies = [
 "proc-macro2",
 "quote",
 "unicode-xid",
]

[[package]]
name = "tiff"
version = "0.4.0"
source = "registry+https://github.com/rust-lang/crates.io-index"
checksum = "002351e428db1eb1d8656d4ca61947c3519ac3191e1c804d4600cd32093b77ad"
dependencies = [
 "byteorder",
 "lzw",
 "miniz_oxide",
]

[[package]]
name = "unicode-xid"
version = "0.2.0"
source = "registry+https://github.com/rust-lang/crates.io-index"
checksum = "826e7639553986605ec5979c7dd957c7895e93eabed50ab2ffa7f6128a75097c"

[[package]]
name = "wasm-bindgen"
version = "0.2.62"
source = "registry+https://github.com/rust-lang/crates.io-index"
checksum = "e3c7d40d09cdbf0f4895ae58cf57d92e1e57a9dd8ed2e8390514b54a47cc5551"
dependencies = [
 "cfg-if",
 "serde",
 "serde_json",
 "wasm-bindgen-macro",
]

[[package]]
name = "wasm-bindgen-backend"
version = "0.2.62"
source = "registry+https://github.com/rust-lang/crates.io-index"
checksum = "c3972e137ebf830900db522d6c8fd74d1900dcfc733462e9a12e942b00b4ac94"
dependencies = [
 "bumpalo",
 "lazy_static",
 "log",
 "proc-macro2",
 "quote",
 "syn",
 "wasm-bindgen-shared",
]

[[package]]
name = "wasm-bindgen-macro"
version = "0.2.62"
source = "registry+https://github.com/rust-lang/crates.io-index"
checksum = "2cd85aa2c579e8892442954685f0d801f9129de24fa2136b2c6a539c76b65776"
dependencies = [
 "quote",
 "wasm-bindgen-macro-support",
]

[[package]]
name = "wasm-bindgen-macro-support"
version = "0.2.62"
source = "registry+https://github.com/rust-lang/crates.io-index"
checksum = "8eb197bd3a47553334907ffd2f16507b4f4f01bbec3ac921a7719e0decdfe72a"
dependencies = [
 "proc-macro2",
 "quote",
 "syn",
 "wasm-bindgen-backend",
 "wasm-bindgen-shared",
]

[[package]]
name = "wasm-bindgen-shared"
version = "0.2.62"
source = "registry+https://github.com/rust-lang/crates.io-index"
checksum = "a91c2916119c17a8e316507afaaa2dd94b47646048014bbdf6bef098c1bb58ad"
